
Microsoft Visual Studio Solution File, Format Version 12.00
# Visual Studio Version 17
VisualStudioVersion = 17.12.35527.113
MinimumVisualStudioVersion = 10.0.40219.1
Project("{2150E333-8FDC-42A3-9474-1A3956D46DE8}") = "API", "API", "{02EA681E-C7D8-13C7-8484-4AC65E1B71E8}"
EndProject
Project("{2150E333-8FDC-42A3-9474-1A3956D46DE8}") = "Core", "Core", "{EE2BE98F-4AA7-4294-ACE3-7523A9A2424D}"
EndProject
Project("{2150E333-8FDC-42A3-9474-1A3956D46DE8}") = "Infrastructure", "Infrastructure", "{E084E4D8-0E88-4671-ABB0-1D75BED8F87A}"
EndProject
Project("{FAE04EC0-301F-11D3-BF4B-00C04F79EFBC}") = "CMS.API", "API\CMS.API\CMS.API.csproj", "{CE99EDB6-39E3-DAAE-6D03-618DECE732E3}"
EndProject
Project("{FAE04EC0-301F-11D3-BF4B-00C04F79EFBC}") = "CMS.Application", "Core\CMS.Application\CMS.Application.csproj", "{C391EC1D-D3F9-4E15-76F6-023FC4CF79F1}"
EndProject
Project("{FAE04EC0-301F-11D3-BF4B-00C04F79EFBC}") = "CMS.Domain", "Core\CMS.Domain\CMS.Domain.csproj", "{A5839571-9D2D-D26A-A1BB-39F4DA255454}"
EndProject
Project("{FAE04EC0-301F-11D3-BF4B-00C04F79EFBC}") = "CMS.Persistence", "Infrastructure\CMS.Persistence\CMS.Persistence.csproj", "{153A0395-2127-605F-7B8C-52BC825CF6C2}"
EndProject
Global
	GlobalSection(SolutionConfigurationPlatforms) = preSolution
		Debug|Any CPU = Debug|Any CPU
		Release|Any CPU = Release|Any CPU
	EndGlobalSection
	GlobalSection(ProjectConfigurationPlatforms) = postSolution
		{CE99EDB6-39E3-DAAE-6D03-618DECE732E3}.Debug|Any CPU.ActiveCfg = Debug|Any CPU
		{CE99EDB6-39E3-DAAE-6D03-618DECE732E3}.Debug|Any CPU.Build.0 = Debug|Any CPU
		{CE99EDB6-39E3-DAAE-6D03-618DECE732E3}.Release|Any CPU.ActiveCfg = Release|Any CPU
		{CE99EDB6-39E3-DAAE-6D03-618DECE732E3}.Release|Any CPU.Build.0 = Release|Any CPU
		{C391EC1D-D3F9-4E15-76F6-023FC4CF79F1}.Debug|Any CPU.ActiveCfg = Debug|Any CPU
		{C391EC1D-D3F9-4E15-76F6-023FC4CF79F1}.Debug|Any CPU.Build.0 = Debug|Any CPU
		{C391EC1D-D3F9-4E15-76F6-023FC4CF79F1}.Release|Any CPU.ActiveCfg = Release|Any CPU
		{C391EC1D-D3F9-4E15-76F6-023FC4CF79F1}.Release|Any CPU.Build.0 = Release|Any CPU
		{A5839571-9D2D-D26A-A1BB-39F4DA255454}.Debug|Any CPU.ActiveCfg = Debug|Any CPU
		{A5839571-9D2D-D26A-A1BB-39F4DA255454}.Debug|Any CPU.Build.0 = Debug|Any CPU
		{A5839571-9D2D-D26A-A1BB-39F4DA255454}.Release|Any CPU.ActiveCfg = Release|Any CPU
		{A5839571-9D2D-D26A-A1BB-39F4DA255454}.Release|Any CPU.Build.0 = Release|Any CPU
		{153A0395-2127-605F-7B8C-52BC825CF6C2}.Debug|Any CPU.ActiveCfg = Debug|Any CPU
		{153A0395-2127-605F-7B8C-52BC825CF6C2}.Debug|Any CPU.Build.0 = Debug|Any CPU
		{153A0395-2127-605F-7B8C-52BC825CF6C2}.Release|Any CPU.ActiveCfg = Release|Any CPU
		{153A0395-2127-605F-7B8C-52BC825CF6C2}.Release|Any CPU.Build.0 = Release|Any CPU
	EndGlobalSection
	GlobalSection(SolutionProperties) = preSolution
		HideSolutionNode = FALSE
	EndGlobalSection
	GlobalSection(NestedProjects) = preSolution
		{CE99EDB6-39E3-DAAE-6D03-618DECE732E3} = {02EA681E-C7D8-13C7-8484-4AC65E1B71E8}
		{C391EC1D-D3F9-4E15-76F6-023FC4CF79F1} = {EE2BE98F-4AA7-4294-ACE3-7523A9A2424D}
		{A5839571-9D2D-D26A-A1BB-39F4DA255454} = {EE2BE98F-4AA7-4294-ACE3-7523A9A2424D}
		{153A0395-2127-605F-7B8C-52BC825CF6C2} = {E084E4D8-0E88-4671-ABB0-1D75BED8F87A}
	EndGlobalSection
	GlobalSection(ExtensibilityGlobals) = postSolution
		SolutionGuid = {0640F4A3-6492-4F97-B2A2-1F6A9DAABB85}
	EndGlobalSection
EndGlobal
